
Microsoft Visual Studio Solution File, Format Version 12.00
# Visual Studio Version 17
VisualStudioVersion = 17.5.002.0
MinimumVisualStudioVersion = 10.0.40219.1
Project("{9A19103F-16F7-4668-BE54-9A1E7A4F7556}") = "Taskw", "Taskw.csproj", "{BCAE2851-8635-4A93-A1D3-5D8DF17AD72D}"
EndProject
Global
	GlobalSection(SolutionConfigurationPlatforms) = preSolution
		Debug|Any CPU = Debug|Any CPU
		Release|Any CPU = Release|Any CPU
	EndGlobalSection
	GlobalSection(ProjectConfigurationPlatforms) = postSolution
		{BCAE2851-8635-4A93-A1D3-5D8DF17AD72D}.Debug|Any CPU.ActiveCfg = Debug|Any CPU
		{BCAE2851-8635-4A93-A1D3-5D8DF17AD72D}.Debug|Any CPU.Build.0 = Debug|Any CPU
		{BCAE2851-8635-4A93-A1D3-5D8DF17AD72D}.Release|Any CPU.ActiveCfg = Release|Any CPU
		{BCAE2851-8635-4A93-A1D3-5D8DF17AD72D}.Release|Any CPU.Build.0 = Release|Any CPU
	EndGlobalSection
	GlobalSection(SolutionProperties) = preSolution
		HideSolutionNode = FALSE
	EndGlobalSection
	GlobalSection(ExtensibilityGlobals) = postSolution
		SolutionGuid = {156A3634-74F4-43C4-9CF8-EED474D11D42}
	EndGlobalSection
EndGlobal
